# This file is automatically @generated by Cargo.
# It is not intended for manual editing.
version = 3

[[package]]
name = "logass"
version = "0.1.0"
dependencies = [
 "terminal_color_builder",
]

[[package]]
name = "terminal_color_builder"
version = "0.1.1"
source = "registry+https://github.com/rust-lang/crates.io-index"
checksum = "51bc10d4f2e7a2580c9fbeb550ef748c81430cfaffb046f047204bb5a75dbff0"
